
Microsoft Visual Studio Solution File, Format Version 12.00
# Visual Studio Version 17
VisualStudioVersion = 17.13.35913.81 d17.13
MinimumVisualStudioVersion = 10.0.40219.1
Project("{FAE04EC0-301F-11D3-BF4B-00C04F79EFBC}") = "Flashcards.DreamFXXX", "Flashcards.DreamFXXX.csproj", "{A0B2C317-9A13-42B2-9821-335AA38ADF06}"
EndProject
Global
	GlobalSection(SolutionConfigurationPlatforms) = preSolution
		Debug|Any CPU = Debug|Any CPU
		Release|Any CPU = Release|Any CPU
	EndGlobalSection
	GlobalSection(ProjectConfigurationPlatforms) = postSolution
		{A0B2C317-9A13-42B2-9821-335AA38ADF06}.Debug|Any CPU.ActiveCfg = Debug|Any CPU
		{A0B2C317-9A13-42B2-9821-335AA38ADF06}.Debug|Any CPU.Build.0 = Debug|Any CPU
		{A0B2C317-9A13-42B2-9821-335AA38ADF06}.Release|Any CPU.ActiveCfg = Release|Any CPU
		{A0B2C317-9A13-42B2-9821-335AA38ADF06}.Release|Any CPU.Build.0 = Release|Any CPU
	EndGlobalSection
	GlobalSection(SolutionProperties) = preSolution
		HideSolutionNode = FALSE
	EndGlobalSection
	GlobalSection(ExtensibilityGlobals) = postSolution
		SolutionGuid = {83DDA12E-0CB9-4998-92AA-536E266AE175}
	EndGlobalSection
EndGlobal
